
Microsoft Visual Studio Solution File, Format Version 12.00
Project("{FAE04EC0-301F-11D3-BF4B-00C04F79EFBC}") = "CyberSec.WebApp", "CyberSec.WebApp\CyberSec.WebApp.csproj", "{F18FFF4E-58C7-4E9E-8D0E-A7466F7D70AF}"
EndProject
Project("{FAE04EC0-301F-11D3-BF4B-00C04F79EFBC}") = "CyberSec.dal", "CyberSec.dal\CyberSec.dal.csproj", "{356AC1BD-1C63-47FA-985C-A520B2587702}"
EndProject
Project("{FAE04EC0-301F-11D3-BF4B-00C04F79EFBC}") = "CyberSec.bal", "CyberSec.bal\CyberSec.bal.csproj", "{986AAD12-0C3D-42CA-B1AA-BA2327A1DB4F}"
EndProject
Project("{FAE04EC0-301F-11D3-BF4B-00C04F79EFBC}") = "CyberSec.dto", "CyberSec.dto\CyberSec.dto.csproj", "{D77AB58A-0CD5-47F6-B405-7C40E9BFAE1D}"
EndProject
Global
	GlobalSection(SolutionConfigurationPlatforms) = preSolution
		Debug|Any CPU = Debug|Any CPU
		Release|Any CPU = Release|Any CPU
	EndGlobalSection
	GlobalSection(ProjectConfigurationPlatforms) = postSolution
		{F18FFF4E-58C7-4E9E-8D0E-A7466F7D70AF}.Debug|Any CPU.ActiveCfg = Debug|Any CPU
		{F18FFF4E-58C7-4E9E-8D0E-A7466F7D70AF}.Debug|Any CPU.Build.0 = Debug|Any CPU
		{F18FFF4E-58C7-4E9E-8D0E-A7466F7D70AF}.Release|Any CPU.ActiveCfg = Release|Any CPU
		{F18FFF4E-58C7-4E9E-8D0E-A7466F7D70AF}.Release|Any CPU.Build.0 = Release|Any CPU
		{356AC1BD-1C63-47FA-985C-A520B2587702}.Debug|Any CPU.ActiveCfg = Debug|Any CPU
		{356AC1BD-1C63-47FA-985C-A520B2587702}.Debug|Any CPU.Build.0 = Debug|Any CPU
		{356AC1BD-1C63-47FA-985C-A520B2587702}.Release|Any CPU.ActiveCfg = Release|Any CPU
		{356AC1BD-1C63-47FA-985C-A520B2587702}.Release|Any CPU.Build.0 = Release|Any CPU
		{986AAD12-0C3D-42CA-B1AA-BA2327A1DB4F}.Debug|Any CPU.ActiveCfg = Debug|Any CPU
		{986AAD12-0C3D-42CA-B1AA-BA2327A1DB4F}.Debug|Any CPU.Build.0 = Debug|Any CPU
		{986AAD12-0C3D-42CA-B1AA-BA2327A1DB4F}.Release|Any CPU.ActiveCfg = Release|Any CPU
		{986AAD12-0C3D-42CA-B1AA-BA2327A1DB4F}.Release|Any CPU.Build.0 = Release|Any CPU
		{D77AB58A-0CD5-47F6-B405-7C40E9BFAE1D}.Debug|Any CPU.ActiveCfg = Debug|Any CPU
		{D77AB58A-0CD5-47F6-B405-7C40E9BFAE1D}.Debug|Any CPU.Build.0 = Debug|Any CPU
		{D77AB58A-0CD5-47F6-B405-7C40E9BFAE1D}.Release|Any CPU.ActiveCfg = Release|Any CPU
		{D77AB58A-0CD5-47F6-B405-7C40E9BFAE1D}.Release|Any CPU.Build.0 = Release|Any CPU
	EndGlobalSection
EndGlobal
